// !$*UTF8*$!
{
	archiveVersion = 1;
	classes = {
	};
	objectVersion = 50;
	objects = {

/* Begin PBXBuildFile section */
		7ED0C4ADAE6A8729D149E211 /* Pods_MangoHacks2019.framework in Frameworks */ = {isa = PBXBuildFile; fileRef = F66146B1FBF18F421C37CF9A /* Pods_MangoHacks2019.framework */; };
		C921FFF62205FE7800ACEB87 /* Auth0.plist in Resources */ = {isa = PBXBuildFile; fileRef = C921FFF52205FE7800ACEB87 /* Auth0.plist */; };
		C921FFFC2206199200ACEB87 /* schema.json in Resources */ = {isa = PBXBuildFile; fileRef = C921FFFB2206199100ACEB87 /* schema.json */; };
		C931BEF82204AD2300499240 /* AppDelegate.swift in Sources */ = {isa = PBXBuildFile; fileRef = C931BEF72204AD2300499240 /* AppDelegate.swift */; };
		C931BEFA2204AD2300499240 /* ViewController.swift in Sources */ = {isa = PBXBuildFile; fileRef = C931BEF92204AD2300499240 /* ViewController.swift */; };
		C931BEFD2204AD2300499240 /* Main.storyboard in Resources */ = {isa = PBXBuildFile; fileRef = C931BEFB2204AD2300499240 /* Main.storyboard */; };
		C931BEFF2204AD2400499240 /* Assets.xcassets in Resources */ = {isa = PBXBuildFile; fileRef = C931BEFE2204AD2400499240 /* Assets.xcassets */; };
		C931BF022204AD2400499240 /* LaunchScreen.storyboard in Resources */ = {isa = PBXBuildFile; fileRef = C931BF002204AD2400499240 /* LaunchScreen.storyboard */; };
		C93B5EDF220638C100A742E6 /* SignupController.swift in Sources */ = {isa = PBXBuildFile; fileRef = C93B5EDE220638C100A742E6 /* SignupController.swift */; };
		C93B5EE12206471800A742E6 /* SignUpTVCell.swift in Sources */ = {isa = PBXBuildFile; fileRef = C93B5EE02206471800A742E6 /* SignUpTVCell.swift */; };
		C93B5EE522064F9400A742E6 /* SignupDropDown.swift in Sources */ = {isa = PBXBuildFile; fileRef = C93B5EE422064F9400A742E6 /* SignupDropDown.swift */; };
		C960E40C2205194400FAEAE9 /* Stevia.framework in Frameworks */ = {isa = PBXBuildFile; fileRef = C960E4092205194400FAEAE9 /* Stevia.framework */; };
		C960E40E22051A1500FAEAE9 /* GoogleService-Info.plist in Resources */ = {isa = PBXBuildFile; fileRef = C960E40D22051A1500FAEAE9 /* GoogleService-Info.plist */; };
		C960E4262205405700FAEAE9 /* SwiftGoogleTranslate.framework in Frameworks */ = {isa = PBXBuildFile; fileRef = C960E4242205401000FAEAE9 /* SwiftGoogleTranslate.framework */; };
		C97979412205C3420084F96A /* PostTVCell.swift in Sources */ = {isa = PBXBuildFile; fileRef = C97979402205C3420084F96A /* PostTVCell.swift */; };
		C97E12AE22061D3000DF5B4F /* API.swift in Sources */ = {isa = PBXBuildFile; fileRef = C97E12AD22061D3000DF5B4F /* API.swift */; };
		C97E12B22206205200DF5B4F /* HomeController.graphql in Resources */ = {isa = PBXBuildFile; fileRef = C97E12B12206205200DF5B4F /* HomeController.graphql */; };
		D01F44932205906D0009C32C /* ContainerController.swift in Sources */ = {isa = PBXBuildFile; fileRef = D01F44922205906D0009C32C /* ContainerController.swift */; };
		D01F4495220590910009C32C /* HomeController.swift in Sources */ = {isa = PBXBuildFile; fileRef = D01F4494220590910009C32C /* HomeController.swift */; };
		D01F4497220590B30009C32C /* MenuController.swift in Sources */ = {isa = PBXBuildFile; fileRef = D01F4496220590B30009C32C /* MenuController.swift */; };
		D01F4499220590D00009C32C /* MenuOptions.swift in Sources */ = {isa = PBXBuildFile; fileRef = D01F4498220590D00009C32C /* MenuOptions.swift */; };
		D01F449C220590FC0009C32C /* HomeControllerDelegate.swift in Sources */ = {isa = PBXBuildFile; fileRef = D01F449B220590FC0009C32C /* HomeControllerDelegate.swift */; };
		D01F449E220591170009C32C /* MenuOptionCell.swift in Sources */ = {isa = PBXBuildFile; fileRef = D01F449D220591170009C32C /* MenuOptionCell.swift */; };
		D01F44A022059DE80009C32C /* PostButtons.swift in Sources */ = {isa = PBXBuildFile; fileRef = D01F449F22059DE80009C32C /* PostButtons.swift */; };
		E6DCF3E42205D2D40077882D /* LoginController.swift in Sources */ = {isa = PBXBuildFile; fileRef = E6DCF3E32205D2D40077882D /* LoginController.swift */; };
		E6DCF3F82205F2B90077882D /* gif9.gif in Resources */ = {isa = PBXBuildFile; fileRef = E6DCF3F72205F2B80077882D /* gif9.gif */; };
/* End PBXBuildFile section */

/* Begin PBXFileReference section */
		4FA00ACA43DD94BD889D8267 /* Pods-MangoHacks2019.debug.xcconfig */ = {isa = PBXFileReference; includeInIndex = 1; lastKnownFileType = text.xcconfig; name = "Pods-MangoHacks2019.debug.xcconfig"; path = "Pods/Target Support Files/Pods-MangoHacks2019/Pods-MangoHacks2019.debug.xcconfig"; sourceTree = "<group>"; };
		A8CD19439A2F6B5C43B4CB88 /* Pods-MangoHacks2019.release.xcconfig */ = {isa = PBXFileReference; includeInIndex = 1; lastKnownFileType = text.xcconfig; name = "Pods-MangoHacks2019.release.xcconfig"; path = "Pods/Target Support Files/Pods-MangoHacks2019/Pods-MangoHacks2019.release.xcconfig"; sourceTree = "<group>"; };
		C921FFF52205FE7800ACEB87 /* Auth0.plist */ = {isa = PBXFileReference; lastKnownFileType = text.plist.xml; path = Auth0.plist; sourceTree = "<group>"; };
		C921FFFB2206199100ACEB87 /* schema.json */ = {isa = PBXFileReference; fileEncoding = 4; lastKnownFileType = text.json; name = schema.json; path = MangoHacks2019/schema.json; sourceTree = SOURCE_ROOT; };
		C931BEF42204AD2300499240 /* MangoHacks2019.app */ = {isa = PBXFileReference; explicitFileType = wrapper.application; includeInIndex = 0; path = MangoHacks2019.app; sourceTree = BUILT_PRODUCTS_DIR; };
		C931BEF72204AD2300499240 /* AppDelegate.swift */ = {isa = PBXFileReference; lastKnownFileType = sourcecode.swift; path = AppDelegate.swift; sourceTree = "<group>"; };
		C931BEF92204AD2300499240 /* ViewController.swift */ = {isa = PBXFileReference; lastKnownFileType = sourcecode.swift; path = ViewController.swift; sourceTree = "<group>"; };
		C931BEFC2204AD2300499240 /* Base */ = {isa = PBXFileReference; lastKnownFileType = file.storyboard; name = Base; path = Base.lproj/Main.storyboard; sourceTree = "<group>"; };
		C931BEFE2204AD2400499240 /* Assets.xcassets */ = {isa = PBXFileReference; lastKnownFileType = folder.assetcatalog; path = Assets.xcassets; sourceTree = "<group>"; };
		C931BF012204AD2400499240 /* Base */ = {isa = PBXFileReference; lastKnownFileType = file.storyboard; name = Base; path = Base.lproj/LaunchScreen.storyboard; sourceTree = "<group>"; };
		C931BF032204AD2400499240 /* Info.plist */ = {isa = PBXFileReference; lastKnownFileType = text.plist.xml; path = Info.plist; sourceTree = "<group>"; };
		C93B5EDE220638C100A742E6 /* SignupController.swift */ = {isa = PBXFileReference; lastKnownFileType = sourcecode.swift; path = SignupController.swift; sourceTree = SOURCE_ROOT; };
		C93B5EE02206471800A742E6 /* SignUpTVCell.swift */ = {isa = PBXFileReference; lastKnownFileType = sourcecode.swift; path = SignUpTVCell.swift; sourceTree = "<group>"; };
		C93B5EE422064F9400A742E6 /* SignupDropDown.swift */ = {isa = PBXFileReference; lastKnownFileType = sourcecode.swift; name = SignupDropDown.swift; path = "MangoHacks2019/New Group/SignupDropDown.swift"; sourceTree = SOURCE_ROOT; };
		C960E4072205194400FAEAE9 /* leveldb-library.framework */ = {isa = PBXFileReference; lastKnownFileType = wrapper.framework; name = "leveldb-library.framework"; path = "Carthage/Build/iOS/leveldb-library.framework"; sourceTree = "<group>"; };
		C960E4082205194400FAEAE9 /* FirebaseDatabase.framework */ = {isa = PBXFileReference; lastKnownFileType = wrapper.framework; name = FirebaseDatabase.framework; path = Carthage/Build/iOS/FirebaseDatabase.framework; sourceTree = "<group>"; };
		C960E4092205194400FAEAE9 /* Stevia.framework */ = {isa = PBXFileReference; lastKnownFileType = wrapper.framework; name = Stevia.framework; path = Carthage/Build/iOS/Stevia.framework; sourceTree = "<group>"; };
		C960E40D22051A1500FAEAE9 /* GoogleService-Info.plist */ = {isa = PBXFileReference; fileEncoding = 4; lastKnownFileType = text.plist.xml; path = "GoogleService-Info.plist"; sourceTree = "<group>"; };
		C960E41022051E1500FAEAE9 /* FIRAnalyticsConnector.framework */ = {isa = PBXFileReference; lastKnownFileType = wrapper.framework; name = FIRAnalyticsConnector.framework; path = Carthage/Build/iOS/FIRAnalyticsConnector.framework; sourceTree = "<group>"; };
		C960E41122051E1500FAEAE9 /* Firebase.framework */ = {isa = PBXFileReference; lastKnownFileType = wrapper.framework; name = Firebase.framework; path = Carthage/Build/iOS/Firebase.framework; sourceTree = "<group>"; };
		C960E41222051E1500FAEAE9 /* FirebaseCoreDiagnostics.framework */ = {isa = PBXFileReference; lastKnownFileType = wrapper.framework; name = FirebaseCoreDiagnostics.framework; path = Carthage/Build/iOS/FirebaseCoreDiagnostics.framework; sourceTree = "<group>"; };
		C960E41322051E1500FAEAE9 /* FirebaseAnalytics.framework */ = {isa = PBXFileReference; lastKnownFileType = wrapper.framework; name = FirebaseAnalytics.framework; path = Carthage/Build/iOS/FirebaseAnalytics.framework; sourceTree = "<group>"; };
		C960E41422051E1500FAEAE9 /* FirebaseCore.framework */ = {isa = PBXFileReference; lastKnownFileType = wrapper.framework; name = FirebaseCore.framework; path = Carthage/Build/iOS/FirebaseCore.framework; sourceTree = "<group>"; };
		C960E41522051E1500FAEAE9 /* FirebaseInstanceID.framework */ = {isa = PBXFileReference; lastKnownFileType = wrapper.framework; name = FirebaseInstanceID.framework; path = Carthage/Build/iOS/FirebaseInstanceID.framework; sourceTree = "<group>"; };
		C960E41622051E1500FAEAE9 /* GoogleAppMeasurement.framework */ = {isa = PBXFileReference; lastKnownFileType = wrapper.framework; name = GoogleAppMeasurement.framework; path = Carthage/Build/iOS/GoogleAppMeasurement.framework; sourceTree = "<group>"; };
		C960E41722051E1500FAEAE9 /* GoogleUtilities.framework */ = {isa = PBXFileReference; lastKnownFileType = wrapper.framework; name = GoogleUtilities.framework; path = Carthage/Build/iOS/GoogleUtilities.framework; sourceTree = "<group>"; };
		C960E41822051E1500FAEAE9 /* nanopb.framework */ = {isa = PBXFileReference; lastKnownFileType = wrapper.framework; name = nanopb.framework; path = Carthage/Build/iOS/nanopb.framework; sourceTree = "<group>"; };
		C960E4242205401000FAEAE9 /* SwiftGoogleTranslate.framework */ = {isa = PBXFileReference; lastKnownFileType = wrapper.framework; name = SwiftGoogleTranslate.framework; path = Carthage/Build/iOS/SwiftGoogleTranslate.framework; sourceTree = "<group>"; };
		C97979402205C3420084F96A /* PostTVCell.swift */ = {isa = PBXFileReference; lastKnownFileType = sourcecode.swift; path = PostTVCell.swift; sourceTree = "<group>"; };
		C97E12AD22061D3000DF5B4F /* API.swift */ = {isa = PBXFileReference; fileEncoding = 4; lastKnownFileType = sourcecode.swift; path = API.swift; sourceTree = "<group>"; };
		C97E12B12206205200DF5B4F /* HomeController.graphql */ = {isa = PBXFileReference; lastKnownFileType = text; name = HomeController.graphql; path = "MangoHacks2019/Query Folder/HomeController.graphql"; sourceTree = SOURCE_ROOT; };
		D01F44922205906D0009C32C /* ContainerController.swift */ = {isa = PBXFileReference; lastKnownFileType = sourcecode.swift; name = ContainerController.swift; path = MangoHacks2019/Views/ContainerController.swift; sourceTree = SOURCE_ROOT; };
		D01F4494220590910009C32C /* HomeController.swift */ = {isa = PBXFileReference; lastKnownFileType = sourcecode.swift; name = HomeController.swift; path = MangoHacks2019/Views/HomeController.swift; sourceTree = SOURCE_ROOT; };
		D01F4496220590B30009C32C /* MenuController.swift */ = {isa = PBXFileReference; lastKnownFileType = sourcecode.swift; name = MenuController.swift; path = MangoHacks2019/Views/MenuController.swift; sourceTree = SOURCE_ROOT; };
		D01F4498220590D00009C32C /* MenuOptions.swift */ = {isa = PBXFileReference; lastKnownFileType = sourcecode.swift; name = MenuOptions.swift; path = MangoHacks2019/Views/MenuOptions.swift; sourceTree = SOURCE_ROOT; };
		D01F449B220590FC0009C32C /* HomeControllerDelegate.swift */ = {isa = PBXFileReference; lastKnownFileType = sourcecode.swift; path = HomeControllerDelegate.swift; sourceTree = "<group>"; };
		D01F449D220591170009C32C /* MenuOptionCell.swift */ = {isa = PBXFileReference; lastKnownFileType = sourcecode.swift; path = MenuOptionCell.swift; sourceTree = "<group>"; };
		D01F449F22059DE80009C32C /* PostButtons.swift */ = {isa = PBXFileReference; lastKnownFileType = sourcecode.swift; path = PostButtons.swift; sourceTree = "<group>"; };
		E6DCF3E32205D2D40077882D /* LoginController.swift */ = {isa = PBXFileReference; lastKnownFileType = sourcecode.swift; path = LoginController.swift; sourceTree = SOURCE_ROOT; };
		E6DCF3F72205F2B80077882D /* gif9.gif */ = {isa = PBXFileReference; lastKnownFileType = image.gif; path = gif9.gif; sourceTree = "<group>"; };
		F66146B1FBF18F421C37CF9A /* Pods_MangoHacks2019.framework */ = {isa = PBXFileReference; explicitFileType = wrapper.framework; includeInIndex = 0; path = Pods_MangoHacks2019.framework; sourceTree = BUILT_PRODUCTS_DIR; };
/* End PBXFileReference section */

/* Begin PBXFrameworksBuildPhase section */
		C931BEF12204AD2300499240 /* Frameworks */ = {
			isa = PBXFrameworksBuildPhase;
			buildActionMask = 2147483647;
			files = (
				C960E40C2205194400FAEAE9 /* Stevia.framework in Frameworks */,
				C960E4262205405700FAEAE9 /* SwiftGoogleTranslate.framework in Frameworks */,
				7ED0C4ADAE6A8729D149E211 /* Pods_MangoHacks2019.framework in Frameworks */,
			);
			runOnlyForDeploymentPostprocessing = 0;
		};
/* End PBXFrameworksBuildPhase section */

/* Begin PBXGroup section */
		6F2530811ED868E78305FE1D /* Pods */ = {
			isa = PBXGroup;
			children = (
				4FA00ACA43DD94BD889D8267 /* Pods-MangoHacks2019.debug.xcconfig */,
				A8CD19439A2F6B5C43B4CB88 /* Pods-MangoHacks2019.release.xcconfig */,
			);
			name = Pods;
			sourceTree = "<group>";
		};
		C921FFF722060DF500ACEB87 /* Query Folder */ = {
			isa = PBXGroup;
			children = (
			);
			path = "Query Folder";
			sourceTree = "<group>";
		};
		C931BEEB2204AD2300499240 = {
			isa = PBXGroup;
			children = (
				E6DCF3F72205F2B80077882D /* gif9.gif */,
				C931BEF62204AD2300499240 /* MangoHacks2019 */,
				C931BEF52204AD2300499240 /* Products */,
				C960E3FC2205179F00FAEAE9 /* Frameworks */,
				6F2530811ED868E78305FE1D /* Pods */,
			);
			sourceTree = "<group>";
		};
		C931BEF52204AD2300499240 /* Products */ = {
			isa = PBXGroup;
			children = (
				C931BEF42204AD2300499240 /* MangoHacks2019.app */,
			);
			name = Products;
			sourceTree = "<group>";
		};
		C931BEF62204AD2300499240 /* MangoHacks2019 */ = {
			isa = PBXGroup;
			children = (
				C921FFF722060DF500ACEB87 /* Query Folder */,
				D01F449A220590E20009C32C /* Utils */,
				D01F4491220590090009C32C /* Models */,
				D01F449022058FFE0009C32C /* Controllers */,
				D01F448F22058FE90009C32C /* Views */,
				C960E40D22051A1500FAEAE9 /* GoogleService-Info.plist */,
				C931BEF72204AD2300499240 /* AppDelegate.swift */,
				C931BEF92204AD2300499240 /* ViewController.swift */,
				C931BEFB2204AD2300499240 /* Main.storyboard */,
				C931BEFE2204AD2400499240 /* Assets.xcassets */,
				C931BF002204AD2400499240 /* LaunchScreen.storyboard */,
				C931BF032204AD2400499240 /* Info.plist */,
				C921FFF52205FE7800ACEB87 /* Auth0.plist */,
				C97E12AD22061D3000DF5B4F /* API.swift */,
				C921FFFB2206199100ACEB87 /* schema.json */,
			);
			path = MangoHacks2019;
			sourceTree = "<group>";
		};
		C960E3FC2205179F00FAEAE9 /* Frameworks */ = {
			isa = PBXGroup;
			children = (
				C960E4242205401000FAEAE9 /* SwiftGoogleTranslate.framework */,
				C960E41022051E1500FAEAE9 /* FIRAnalyticsConnector.framework */,
				C960E41122051E1500FAEAE9 /* Firebase.framework */,
				C960E41322051E1500FAEAE9 /* FirebaseAnalytics.framework */,
				C960E41422051E1500FAEAE9 /* FirebaseCore.framework */,
				C960E41222051E1500FAEAE9 /* FirebaseCoreDiagnostics.framework */,
				C960E41522051E1500FAEAE9 /* FirebaseInstanceID.framework */,
				C960E41622051E1500FAEAE9 /* GoogleAppMeasurement.framework */,
				C960E41722051E1500FAEAE9 /* GoogleUtilities.framework */,
				C960E41822051E1500FAEAE9 /* nanopb.framework */,
				C960E4082205194400FAEAE9 /* FirebaseDatabase.framework */,
				C960E4072205194400FAEAE9 /* leveldb-library.framework */,
				C960E4092205194400FAEAE9 /* Stevia.framework */,
				F66146B1FBF18F421C37CF9A /* Pods_MangoHacks2019.framework */,
			);
			name = Frameworks;
			sourceTree = "<group>";
		};
		D01F448F22058FE90009C32C /* Views */ = {
			isa = PBXGroup;
			children = (
				D01F449D220591170009C32C /* MenuOptionCell.swift */,
				D01F449F22059DE80009C32C /* PostButtons.swift */,
				C97979402205C3420084F96A /* PostTVCell.swift */,
				C93B5EE02206471800A742E6 /* SignUpTVCell.swift */,
			);
			name = Views;
			path = "New Group";
			sourceTree = "<group>";
		};
		D01F449022058FFE0009C32C /* Controllers */ = {
			isa = PBXGroup;
			children = (
				D01F44922205906D0009C32C /* ContainerController.swift */,
				C97E12B12206205200DF5B4F /* HomeController.graphql */,
				D01F4494220590910009C32C /* HomeController.swift */,
				D01F4496220590B30009C32C /* MenuController.swift */,
				C93B5EDE220638C100A742E6 /* SignupController.swift */,
				E6DCF3E32205D2D40077882D /* LoginController.swift */,
				C93B5EE422064F9400A742E6 /* SignupDropDown.swift */,
			);
			name = Controllers;
			path = "New Group1";
			sourceTree = "<group>";
		};
		D01F4491220590090009C32C /* Models */ = {
			isa = PBXGroup;
			children = (
				D01F4498220590D00009C32C /* MenuOptions.swift */,
			);
			name = Models;
			path = "New Group2";
			sourceTree = "<group>";
		};
		D01F449A220590E20009C32C /* Utils */ = {
			isa = PBXGroup;
			children = (
				D01F449B220590FC0009C32C /* HomeControllerDelegate.swift */,
			);
			name = Utils;
			path = "New Group";
			sourceTree = "<group>";
		};
/* End PBXGroup section */

/* Begin PBXNativeTarget section */
		C931BEF32204AD2300499240 /* MangoHacks2019 */ = {
			isa = PBXNativeTarget;
			buildConfigurationList = C931BF062204AD2400499240 /* Build configuration list for PBXNativeTarget "MangoHacks2019" */;
			buildPhases = (
				68E7968B2E25328397CBB7F1 /* [CP] Check Pods Manifest.lock */,
				C921FFFA22060FB400ACEB87 /* ShellScript */,
				C931BEF02204AD2300499240 /* Sources */,
				C931BEF12204AD2300499240 /* Frameworks */,
				C960E403220517AA00FAEAE9 /* ShellScript */,
				C931BEF22204AD2300499240 /* Resources */,
				55A81F07016A8A621A59B0C5 /* [CP] Embed Pods Frameworks */,
			);
			buildRules = (
			);
			dependencies = (
			);
			name = MangoHacks2019;
			productName = MangoHacks2019;
			productReference = C931BEF42204AD2300499240 /* MangoHacks2019.app */;
			productType = "com.apple.product-type.application";
		};
/* End PBXNativeTarget section */

/* Begin PBXProject section */
		C931BEEC2204AD2300499240 /* Project object */ = {
			isa = PBXProject;
			attributes = {
				LastSwiftUpdateCheck = 1010;
				LastUpgradeCheck = 1010;
				ORGANIZATIONNAME = "Tony Fang";
				TargetAttributes = {
					C931BEF32204AD2300499240 = {
						CreatedOnToolsVersion = 10.1;
					};
				};
			};
			buildConfigurationList = C931BEEF2204AD2300499240 /* Build configuration list for PBXProject "MangoHacks2019" */;
			compatibilityVersion = "Xcode 9.3";
			developmentRegion = en;
			hasScannedForEncodings = 0;
			knownRegions = (
				en,
				Base,
			);
			mainGroup = C931BEEB2204AD2300499240;
			productRefGroup = C931BEF52204AD2300499240 /* Products */;
			projectDirPath = "";
			projectRoot = "";
			targets = (
				C931BEF32204AD2300499240 /* MangoHacks2019 */,
			);
		};
/* End PBXProject section */

/* Begin PBXResourcesBuildPhase section */
		C931BEF22204AD2300499240 /* Resources */ = {
			isa = PBXResourcesBuildPhase;
			buildActionMask = 2147483647;
			files = (
				C921FFFC2206199200ACEB87 /* schema.json in Resources */,
				C921FFF62205FE7800ACEB87 /* Auth0.plist in Resources */,
				C931BF022204AD2400499240 /* LaunchScreen.storyboard in Resources */,
				E6DCF3F82205F2B90077882D /* gif9.gif in Resources */,
				C97E12B22206205200DF5B4F /* HomeController.graphql in Resources */,
				C960E40E22051A1500FAEAE9 /* GoogleService-Info.plist in Resources */,
				C931BEFF2204AD2400499240 /* Assets.xcassets in Resources */,
				C931BEFD2204AD2300499240 /* Main.storyboard in Resources */,
			);
			runOnlyForDeploymentPostprocessing = 0;
		};
/* End PBXResourcesBuildPhase section */

/* Begin PBXShellScriptBuildPhase section */
		55A81F07016A8A621A59B0C5 /* [CP] Embed Pods Frameworks */ = {
			isa = PBXShellScriptBuildPhase;
			buildActionMask = 2147483647;
			files = (
			);
			inputPaths = (
				"${SRCROOT}/Pods/Target Support Files/Pods-MangoHacks2019/Pods-MangoHacks2019-frameworks.sh",
				"${BUILT_PRODUCTS_DIR}/Alamofire/Alamofire.framework",
				"${BUILT_PRODUCTS_DIR}/Apollo/Apollo.framework",
				"${BUILT_PRODUCTS_DIR}/ApolloAlamofire/ApolloAlamofire.framework",
				"${BUILT_PRODUCTS_DIR}/Auth0/Auth0.framework",
				"${BUILT_PRODUCTS_DIR}/EightBase/EightBase.framework",
				"${BUILT_PRODUCTS_DIR}/SimpleKeychain/SimpleKeychain.framework",
			);
			name = "[CP] Embed Pods Frameworks";
			outputPaths = (
				"${TARGET_BUILD_DIR}/${FRAMEWORKS_FOLDER_PATH}/Alamofire.framework",
				"${TARGET_BUILD_DIR}/${FRAMEWORKS_FOLDER_PATH}/Apollo.framework",
				"${TARGET_BUILD_DIR}/${FRAMEWORKS_FOLDER_PATH}/ApolloAlamofire.framework",
				"${TARGET_BUILD_DIR}/${FRAMEWORKS_FOLDER_PATH}/Auth0.framework",
				"${TARGET_BUILD_DIR}/${FRAMEWORKS_FOLDER_PATH}/EightBase.framework",
				"${TARGET_BUILD_DIR}/${FRAMEWORKS_FOLDER_PATH}/SimpleKeychain.framework",
			);
			runOnlyForDeploymentPostprocessing = 0;
			shellPath = /bin/sh;
			shellScript = "\"${SRCROOT}/Pods/Target Support Files/Pods-MangoHacks2019/Pods-MangoHacks2019-frameworks.sh\"\n";
			showEnvVarsInLog = 0;
		};
		68E7968B2E25328397CBB7F1 /* [CP] Check Pods Manifest.lock */ = {
			isa = PBXShellScriptBuildPhase;
			buildActionMask = 2147483647;
			files = (
			);
			inputPaths = (
				"${PODS_PODFILE_DIR_PATH}/Podfile.lock",
				"${PODS_ROOT}/Manifest.lock",
			);
			name = "[CP] Check Pods Manifest.lock";
			outputPaths = (
				"$(DERIVED_FILE_DIR)/Pods-MangoHacks2019-checkManifestLockResult.txt",
			);
			runOnlyForDeploymentPostprocessing = 0;
			shellPath = /bin/sh;
			shellScript = "diff \"${PODS_PODFILE_DIR_PATH}/Podfile.lock\" \"${PODS_ROOT}/Manifest.lock\" > /dev/null\nif [ $? != 0 ] ; then\n    # print error to STDERR\n    echo \"error: The sandbox is not in sync with the Podfile.lock. Run 'pod install' or update your CocoaPods installation.\" >&2\n    exit 1\nfi\n# This output is used by Xcode 'outputs' to avoid re-running this script phase.\necho \"SUCCESS\" > \"${SCRIPT_OUTPUT_FILE_0}\"\n";
			showEnvVarsInLog = 0;
		};
		C921FFFA22060FB400ACEB87 /* ShellScript */ = {
			isa = PBXShellScriptBuildPhase;
			buildActionMask = 2147483647;
			files = (
			);
			inputFileListPaths = (
			);
			inputPaths = (
			);
			outputFileListPaths = (
			);
			outputPaths = (
			);
			runOnlyForDeploymentPostprocessing = 0;
			shellPath = /bin/sh;
			shellScript = "# Type a script or drag a script file from your workspace to insert its path.\nAPOLLO_FRAMEWORK_PATH=\"$(eval find $FRAMEWORK_SEARCH_PATHS -name \"Apollo.framework\" -maxdepth 1)\"\n\nif [ -z \"$APOLLO_FRAMEWORK_PATH\" ]; then\necho \"error: Couldn't find Apollo.framework in FRAMEWORK_SEARCH_PATHS; make sure to add the framework to your project.\"\nexit 1\nfi\n\ncd \"${SRCROOT}/${TARGET_NAME}\"\n$APOLLO_FRAMEWORK_PATH/check-and-run-apollo-cli.sh codegen:generate --queries=\"$(find . -name '*.graphql')\" --schema=schema.json API.swift\n";
		};
		C960E403220517AA00FAEAE9 /* ShellScript */ = {
			isa = PBXShellScriptBuildPhase;
			buildActionMask = 2147483647;
			files = (
			);
			inputPaths = (
				"$(SRCROOT)/Carthage/Build/iOS/Stevia.framework",
				"$(SRCROOT)/Carthage/Build/iOS/SwiftGoogleTranslate.framework",
			);
			outputPaths = (
			);
			runOnlyForDeploymentPostprocessing = 0;
			shellPath = /bin/sh;
			shellScript = "/usr/local/bin/carthage copy-frameworks\n";
		};
/* End PBXShellScriptBuildPhase section */

/* Begin PBXSourcesBuildPhase section */
		C931BEF02204AD2300499240 /* Sources */ = {
			isa = PBXSourcesBuildPhase;
			buildActionMask = 2147483647;
			files = (
				C97E12AE22061D3000DF5B4F /* API.swift in Sources */,
				D01F4497220590B30009C32C /* MenuController.swift in Sources */,
				D01F4495220590910009C32C /* HomeController.swift in Sources */,
				D01F44A022059DE80009C32C /* PostButtons.swift in Sources */,
				C931BEFA2204AD2300499240 /* ViewController.swift in Sources */,
				C93B5EDF220638C100A742E6 /* SignupController.swift in Sources */,
				C931BEF82204AD2300499240 /* AppDelegate.swift in Sources */,
				C93B5EE522064F9400A742E6 /* SignupDropDown.swift in Sources */,
				C93B5EE12206471800A742E6 /* SignUpTVCell.swift in Sources */,
				D01F44932205906D0009C32C /* ContainerController.swift in Sources */,
				D01F449E220591170009C32C /* MenuOptionCell.swift in Sources */,
				C97979412205C3420084F96A /* PostTVCell.swift in Sources */,
				D01F4499220590D00009C32C /* MenuOptions.swift in Sources */,
				D01F449C220590FC0009C32C /* HomeControllerDelegate.swift in Sources */,
				E6DCF3E42205D2D40077882D /* LoginController.swift in Sources */,
			);
			runOnlyForDeploymentPostprocessing = 0;
		};
/* End PBXSourcesBuildPhase section */

/* Begin PBXVariantGroup section */
		C931BEFB2204AD2300499240 /* Main.storyboard */ = {
			isa = PBXVariantGroup;
			children = (
				C931BEFC2204AD2300499240 /* Base */,
			);
			name = Main.storyboard;
			sourceTree = "<group>";
		};
		C931BF002204AD2400499240 /* LaunchScreen.storyboard */ = {
			isa = PBXVariantGroup;
			children = (
				C931BF012204AD2400499240 /* Base */,
			);
			name = LaunchScreen.storyboard;
			sourceTree = "<group>";
		};
/* End PBXVariantGroup section */

/* Begin XCBuildConfiguration section */
		C931BF042204AD2400499240 /* Debug */ = {
			isa = XCBuildConfiguration;
			buildSettings = {
				ALWAYS_SEARCH_USER_PATHS = NO;
				CLANG_ANALYZER_NONNULL = YES;
				CLANG_ANALYZER_NUMBER_OBJECT_CONVERSION = YES_AGGRESSIVE;
				CLANG_CXX_LANGUAGE_STANDARD = "gnu++14";
				CLANG_CXX_LIBRARY = "libc++";
				CLANG_ENABLE_MODULES = YES;
				CLANG_ENABLE_OBJC_ARC = YES;
				CLANG_ENABLE_OBJC_WEAK = YES;
				CLANG_WARN_BLOCK_CAPTURE_AUTORELEASING = YES;
				CLANG_WARN_BOOL_CONVERSION = YES;
				CLANG_WARN_COMMA = YES;
				CLANG_WARN_CONSTANT_CONVERSION = YES;
				CLANG_WARN_DEPRECATED_OBJC_IMPLEMENTATIONS = YES;
				CLANG_WARN_DIRECT_OBJC_ISA_USAGE = YES_ERROR;
				CLANG_WARN_DOCUMENTATION_COMMENTS = YES;
				CLANG_WARN_EMPTY_BODY = YES;
				CLANG_WARN_ENUM_CONVERSION = YES;
				CLANG_WARN_INFINITE_RECURSION = YES;
				CLANG_WARN_INT_CONVERSION = YES;
				CLANG_WARN_NON_LITERAL_NULL_CONVERSION = YES;
				CLANG_WARN_OBJC_IMPLICIT_RETAIN_SELF = YES;
				CLANG_WARN_OBJC_LITERAL_CONVERSION = YES;
				CLANG_WARN_OBJC_ROOT_CLASS = YES_ERROR;
				CLANG_WARN_RANGE_LOOP_ANALYSIS = YES;
				CLANG_WARN_STRICT_PROTOTYPES = YES;
				CLANG_WARN_SUSPICIOUS_MOVE = YES;
				CLANG_WARN_UNGUARDED_AVAILABILITY = YES_AGGRESSIVE;
				CLANG_WARN_UNREACHABLE_CODE = YES;
				CLANG_WARN__DUPLICATE_METHOD_MATCH = YES;
				CODE_SIGN_IDENTITY = "iPhone Developer";
				COPY_PHASE_STRIP = NO;
				DEBUG_INFORMATION_FORMAT = dwarf;
				ENABLE_STRICT_OBJC_MSGSEND = YES;
				ENABLE_TESTABILITY = YES;
				GCC_C_LANGUAGE_STANDARD = gnu11;
				GCC_DYNAMIC_NO_PIC = NO;
				GCC_NO_COMMON_BLOCKS = YES;
				GCC_OPTIMIZATION_LEVEL = 0;
				GCC_PREPROCESSOR_DEFINITIONS = (
					"DEBUG=1",
					"$(inherited)",
				);
				GCC_WARN_64_TO_32_BIT_CONVERSION = YES;
				GCC_WARN_ABOUT_RETURN_TYPE = YES_ERROR;
				GCC_WARN_UNDECLARED_SELECTOR = YES;
				GCC_WARN_UNINITIALIZED_AUTOS = YES_AGGRESSIVE;
				GCC_WARN_UNUSED_FUNCTION = YES;
				GCC_WARN_UNUSED_VARIABLE = YES;
				IPHONEOS_DEPLOYMENT_TARGET = 12.1;
				MTL_ENABLE_DEBUG_INFO = INCLUDE_SOURCE;
				MTL_FAST_MATH = YES;
				ONLY_ACTIVE_ARCH = YES;
				SDKROOT = iphoneos;
				SWIFT_ACTIVE_COMPILATION_CONDITIONS = DEBUG;
				SWIFT_OPTIMIZATION_LEVEL = "-Onone";
			};
			name = Debug;
		};
		C931BF052204AD2400499240 /* Release */ = {
			isa = XCBuildConfiguration;
			buildSettings = {
				ALWAYS_SEARCH_USER_PATHS = NO;
				CLANG_ANALYZER_NONNULL = YES;
				CLANG_ANALYZER_NUMBER_OBJECT_CONVERSION = YES_AGGRESSIVE;
				CLANG_CXX_LANGUAGE_STANDARD = "gnu++14";
				CLANG_CXX_LIBRARY = "libc++";
				CLANG_ENABLE_MODULES = YES;
				CLANG_ENABLE_OBJC_ARC = YES;
				CLANG_ENABLE_OBJC_WEAK = YES;
				CLANG_WARN_BLOCK_CAPTURE_AUTORELEASING = YES;
				CLANG_WARN_BOOL_CONVERSION = YES;
				CLANG_WARN_COMMA = YES;
				CLANG_WARN_CONSTANT_CONVERSION = YES;
				CLANG_WARN_DEPRECATED_OBJC_IMPLEMENTATIONS = YES;
				CLANG_WARN_DIRECT_OBJC_ISA_USAGE = YES_ERROR;
				CLANG_WARN_DOCUMENTATION_COMMENTS = YES;
				CLANG_WARN_EMPTY_BODY = YES;
				CLANG_WARN_ENUM_CONVERSION = YES;
				CLANG_WARN_INFINITE_RECURSION = YES;
				CLANG_WARN_INT_CONVERSION = YES;
				CLANG_WARN_NON_LITERAL_NULL_CONVERSION = YES;
				CLANG_WARN_OBJC_IMPLICIT_RETAIN_SELF = YES;
				CLANG_WARN_OBJC_LITERAL_CONVERSION = YES;
				CLANG_WARN_OBJC_ROOT_CLASS = YES_ERROR;
				CLANG_WARN_RANGE_LOOP_ANALYSIS = YES;
				CLANG_WARN_STRICT_PROTOTYPES = YES;
				CLANG_WARN_SUSPICIOUS_MOVE = YES;
				CLANG_WARN_UNGUARDED_AVAILABILITY = YES_AGGRESSIVE;
				CLANG_WARN_UNREACHABLE_CODE = YES;
				CLANG_WARN__DUPLICATE_METHOD_MATCH = YES;
				CODE_SIGN_IDENTITY = "iPhone Developer";
				COPY_PHASE_STRIP = NO;
				DEBUG_INFORMATION_FORMAT = "dwarf-with-dsym";
				ENABLE_NS_ASSERTIONS = NO;
				ENABLE_STRICT_OBJC_MSGSEND = YES;
				GCC_C_LANGUAGE_STANDARD = gnu11;
				GCC_NO_COMMON_BLOCKS = YES;
				GCC_WARN_64_TO_32_BIT_CONVERSION = YES;
				GCC_WARN_ABOUT_RETURN_TYPE = YES_ERROR;
				GCC_WARN_UNDECLARED_SELECTOR = YES;
				GCC_WARN_UNINITIALIZED_AUTOS = YES_AGGRESSIVE;
				GCC_WARN_UNUSED_FUNCTION = YES;
				GCC_WARN_UNUSED_VARIABLE = YES;
				IPHONEOS_DEPLOYMENT_TARGET = 12.1;
				MTL_ENABLE_DEBUG_INFO = NO;
				MTL_FAST_MATH = YES;
				SDKROOT = iphoneos;
				SWIFT_COMPILATION_MODE = wholemodule;
				SWIFT_OPTIMIZATION_LEVEL = "-O";
				VALIDATE_PRODUCT = YES;
			};
			name = Release;
		};
		C931BF072204AD2400499240 /* Debug */ = {
			isa = XCBuildConfiguration;
			baseConfigurationReference = 4FA00ACA43DD94BD889D8267 /* Pods-MangoHacks2019.debug.xcconfig */;
			buildSettings = {
				ASSETCATALOG_COMPILER_APPICON_NAME = AppIcon;
				CODE_SIGN_STYLE = Automatic;
				DEVELOPMENT_TEAM = 9669T4332J;
				FRAMEWORK_SEARCH_PATHS = (
					"$(inherited)",
					"$(PROJECT_DIR)/Carthage/Build/iOS",
				);
				INFOPLIST_FILE = MangoHacks2019/Info.plist;
				LD_RUNPATH_SEARCH_PATHS = (
					"$(inherited)",
					"@executable_path/Frameworks",
				);
				PRODUCT_BUNDLE_IDENTIFIER = com.Tony.MangoHacks2019;
				PRODUCT_NAME = "$(TARGET_NAME)";
				SWIFT_VERSION = 4.2;
				TARGETED_DEVICE_FAMILY = "1,2";
			};
			name = Debug;
		};
		C931BF082204AD2400499240 /* Release */ = {
			isa = XCBuildConfiguration;
			baseConfigurationReference = A8CD19439A2F6B5C43B4CB88 /* Pods-MangoHacks2019.release.xcconfig */;
			buildSettings = {
				ASSETCATALOG_COMPILER_APPICON_NAME = AppIcon;
				CODE_SIGN_STYLE = Automatic;
				DEVELOPMENT_TEAM = 9669T4332J;
				FRAMEWORK_SEARCH_PATHS = (
					"$(inherited)",
					"$(PROJECT_DIR)/Carthage/Build/iOS",
				);
				INFOPLIST_FILE = MangoHacks2019/Info.plist;
				LD_RUNPATH_SEARCH_PATHS = (
					"$(inherited)",
					"@executable_path/Frameworks",
				);
				PRODUCT_BUNDLE_IDENTIFIER = com.Tony.MangoHacks2019;
				PRODUCT_NAME = "$(TARGET_NAME)";
				SWIFT_VERSION = 4.2;
				TARGETED_DEVICE_FAMILY = "1,2";
			};
			name = Release;
		};
/* End XCBuildConfiguration section */

/* Begin XCConfigurationList section */
		C931BEEF2204AD2300499240 /* Build configuration list for PBXProject "MangoHacks2019" */ = {
			isa = XCConfigurationList;
			buildConfigurations = (
				C931BF042204AD2400499240 /* Debug */,
				C931BF052204AD2400499240 /* Release */,
			);
			defaultConfigurationIsVisible = 0;
			defaultConfigurationName = Release;
		};
		C931BF062204AD2400499240 /* Build configuration list for PBXNativeTarget "MangoHacks2019" */ = {
			isa = XCConfigurationList;
			buildConfigurations = (
				C931BF072204AD2400499240 /* Debug */,
				C931BF082204AD2400499240 /* Release */,
			);
			defaultConfigurationIsVisible = 0;
			defaultConfigurationName = Release;
		};
/* End XCConfigurationList section */
	};
	rootObject = C931BEEC2204AD2300499240 /* Project object */;
}
